Microsoft Visual Studio Solution File, Format Version 12.00
# Visual Studio Version 16
VisualStudioVersion = 16.0.32802.440
MinimumVisualStudioVersion = 10.0.40219.1
Project("{FAE04EC0-301F-11D3-BF4B-00C04F79EFBC}") = "E-Commerce", "E-Commerce\E-Commerce.csproj", "{A2EDE447-C305-478F-9EDF-07A0EA91714E}"
EndProject
Project("{FAE04EC0-301F-11D3-BF4B-00C04F79EFBC}") = "E-Commerce-Repository", "..\E-Commerce-Repository\E-Commerce-Repository.csproj", "{F3CBD0DE-1DDE-4436-AC33-8F6F658D9D37}"
EndProject
Project("{FAE04EC0-301F-11D3-BF4B-00C04F79EFBC}") = "E-Commerce-Business-Logic", "..\E-Commerce-Business-Logic\E-Commerce-Business-Logic.csproj", "{AEEEAEA1-2355-45EF-81F8-4B79C6BBF0B5}"
EndProject
Project("{FAE04EC0-301F-11D3-BF4B-00C04F79EFBC}") = "E-Commerce-UnitTest", "..\E-Commerce-UnitTest\E-Commerce-UnitTest.csproj", "{502DBE3A-76AF-43F1-832D-6A1600480721}"
EndProject
Project("{2150E333-8FDC-42A3-9474-1A3956D46DE8}") = "Solution Items", "Solution Items", "{1B5245E3-BA52-4722-A511-C6FD45ABAD0E}"
	ProjectSection(SolutionItems) = preProject
		.editorconfig = .editorconfig
	EndProjectSection
EndProject
Global
	GlobalSection(SolutionConfigurationPlatforms) = preSolution
		Debug|Any CPU = Debug|Any CPU
		Release|Any CPU = Release|Any CPU
	EndGlobalSection
	GlobalSection(ProjectConfigurationPlatforms) = postSolution
		{A2EDE447-C305-478F-9EDF-07A0EA91714E}.Debug|Any CPU.ActiveCfg = Debug|Any CPU
		{A2EDE447-C305-478F-9EDF-07A0EA91714E}.Debug|Any CPU.Build.0 = Debug|Any CPU
		{A2EDE447-C305-478F-9EDF-07A0EA91714E}.Release|Any CPU.ActiveCfg = Release|Any CPU
		{A2EDE447-C305-478F-9EDF-07A0EA91714E}.Release|Any CPU.Build.0 = Release|Any CPU
		{F3CBD0DE-1DDE-4436-AC33-8F6F658D9D37}.Debug|Any CPU.ActiveCfg = Debug|Any CPU
		{F3CBD0DE-1DDE-4436-AC33-8F6F658D9D37}.Debug|Any CPU.Build.0 = Debug|Any CPU
		{F3CBD0DE-1DDE-4436-AC33-8F6F658D9D37}.Release|Any CPU.ActiveCfg = Release|Any CPU
		{F3CBD0DE-1DDE-4436-AC33-8F6F658D9D37}.Release|Any CPU.Build.0 = Release|Any CPU
		{AEEEAEA1-2355-45EF-81F8-4B79C6BBF0B5}.Debug|Any CPU.ActiveCfg = Debug|Any CPU
		{AEEEAEA1-2355-45EF-81F8-4B79C6BBF0B5}.Debug|Any CPU.Build.0 = Debug|Any CPU
		{AEEEAEA1-2355-45EF-81F8-4B79C6BBF0B5}.Release|Any CPU.ActiveCfg = Release|Any CPU
		{AEEEAEA1-2355-45EF-81F8-4B79C6BBF0B5}.Release|Any CPU.Build.0 = Release|Any CPU
		{502DBE3A-76AF-43F1-832D-6A1600480721}.Debug|Any CPU.ActiveCfg = Debug|Any CPU
		{502DBE3A-76AF-43F1-832D-6A1600480721}.Debug|Any CPU.Build.0 = Debug|Any CPU
		{502DBE3A-76AF-43F1-832D-6A1600480721}.Release|Any CPU.ActiveCfg = Release|Any CPU
		{502DBE3A-76AF-43F1-832D-6A1600480721}.Release|Any CPU.Build.0 = Release|Any CPU
	EndGlobalSection
	GlobalSection(SolutionProperties) = preSolution
		HideSolutionNode = FALSE
	EndGlobalSection
	GlobalSection(ExtensibilityGlobals) = postSolution
		SolutionGuid = {C715E37A-6771-45E1-A915-CECED9E8689E}
	EndGlobalSection
EndGlobal
